{
    "_readme": [
        "This file locks the dependencies of your project to a known state",
        "Read more about it at http://getcomposer.org/doc/01-basic-usage.md#composer-lock-the-lock-file",
        "This file is @generated automatically"
    ],
    "hash": "682be1a2d582f5faa751c04b8b43fc25",
    "packages": [
        {
            "name": "netresearch/jsonmapper",
            "version": "v0.4.4",
            "source": {
                "type": "git",
                "url": "https://github.com/netresearch/jsonmapper.git",
                "reference": "b09639971633e6128e1f4d49e11799d9b1d39f59"
            },
            "dist": {
                "type": "zip",
                "url": "https://api.github.com/repos/netresearch/jsonmapper/zipball/b09639971633e6128e1f4d49e11799d9b1d39f59",
                "reference": "b09639971633e6128e1f4d49e11799d9b1d39f59",
                "shasum": ""
            },
            "require-dev": {
                "phpunit/phpunit": "4.2.*",
                "squizlabs/php_codesniffer": "~1.5"
            },
            "type": "library",
            "autoload": {
                "psr-0": {
                    "": "src/"
                }
            },
            "notification-url": "https://packagist.org/downloads/",
            "license": [
                "OSL-3.0"
            ],
            "authors": [
                {
                    "name": "Christian Weiske",
                    "email": "christian.weiske@netresearch.de",
                    "homepage": "http://www.netresearch.de/",
                    "role": "Developer"
                }
            ],
            "description": "Map nested JSON structures onto PHP classes",
            "time": "2015-01-08 14:43:41"
        },
        {
            "name": "phly/http",
            "version": "0.11.0",
            "source": {
                "type": "git",
                "url": "https://github.com/phly/http.git",
                "reference": "196f9d0dc11723bbabace8451218c420f90e330f"
            },
            "dist": {
                "type": "zip",
                "url": "https://api.github.com/repos/phly/http/zipball/196f9d0dc11723bbabace8451218c420f90e330f",
                "reference": "196f9d0dc11723bbabace8451218c420f90e330f",
                "shasum": ""
            },
            "require": {
                "php": ">=5.4.8",
                "psr/http-message": "^0.9"
            },
            "require-dev": {
                "phpunit/phpunit": "3.7.*",
                "squizlabs/php_codesniffer": "1.5.*"
            },
            "type": "library",
            "extra": {
                "branch-alias": {
                    "dev-master": "1.0-dev",
                    "dev-develop": "1.1-dev"
                }
            },
            "autoload": {
                "psr-4": {
                    "Phly\\Http\\": "src/"
                }
            },
            "notification-url": "https://packagist.org/downloads/",
            "license": [
                "BSD-2-Clause"
            ],
            "authors": [
                {
                    "name": "Matthew Weier O'Phinney",
                    "email": "matthew@weierophinney.net",
                    "homepage": "http://mwop.net"
                }
            ],
            "description": "PSR HTTP Message implementations",
            "homepage": "https://github.com/phly/http",
            "keywords": [
                "http"
            ],
            "time": "2015-02-17 14:28:44"
        },
        {
            "name": "psr/http-message",
            "version": "0.9.0",
            "source": {
                "type": "git",
                "url": "https://github.com/php-fig/http-message.git",
                "reference": "4727540cebedd52cfd5dcc98c18fc20a24ba7372"
            },
            "dist": {
                "type": "zip",
                "url": "https://api.github.com/repos/php-fig/http-message/zipball/4727540cebedd52cfd5dcc98c18fc20a24ba7372",
                "reference": "4727540cebedd52cfd5dcc98c18fc20a24ba7372",
                "shasum": ""
            },
            "type": "library",
            "extra": {
                "branch-alias": {
                    "dev-master": "1.0.x-dev"
                }
            },
            "autoload": {
                "psr-4": {
                    "Psr\\Http\\Message\\": "src"
                }
            },
            "notification-url": "https://packagist.org/downloads/",
            "license": [
                "MIT"
            ],
            "authors": [
                {
                    "name": "PHP-FIG",
                    "homepage": "http://www.php-fig.org/"
                }
            ],
            "description": "Common interface for HTTP messages",
            "keywords": [
                "http",
                "http-message",
                "psr",
                "psr-7",
                "request",
                "response"
            ],
            "time": "2015-02-13 01:35:55"
        }
    ],
    "packages-dev": null,
    "aliases": [],
    "minimum-stability": "stable",
    "stability-flags": [],
    "prefer-stable": false,
    "prefer-lowest": false,
    "platform": [],
    "platform-dev": []
}
